
Microsoft Visual Studio Solution File, Format Version 12.00
# Visual Studio Version 17
VisualStudioVersion = 17.0.31903.59
MinimumVisualStudioVersion = 10.0.40219.1
Project("{2150E333-8FDC-42A3-9474-1A3956D46DE8}") = "src", "src", "{A488234D-D719-4D72-AC0F-2EE88C253F6B}"
EndProject
Project("{FAE04EC0-301F-11D3-BF4B-00C04F79EFBC}") = "RailForge.Core", "src\RailForge.Core\RailForge.Core.csproj", "{D2E33AE5-2BB8-4234-BCC7-FF464E037406}"
EndProject
Project("{FAE04EC0-301F-11D3-BF4B-00C04F79EFBC}") = "RailForge.Web", "src\RailForge.Web\RailForge.Web.csproj", "{CCCBA977-2E9D-4C09-A718-CBDA576A0F0E}"
EndProject
Global
	GlobalSection(SolutionConfigurationPlatforms) = preSolution
		Debug|Any CPU = Debug|Any CPU
		Release|Any CPU = Release|Any CPU
	EndGlobalSection
	GlobalSection(SolutionProperties) = preSolution
		HideSolutionNode = FALSE
	EndGlobalSection
	GlobalSection(ProjectConfigurationPlatforms) = postSolution
		{D2E33AE5-2BB8-4234-BCC7-FF464E037406}.Debug|Any CPU.ActiveCfg = Debug|Any CPU
		{D2E33AE5-2BB8-4234-BCC7-FF464E037406}.Debug|Any CPU.Build.0 = Debug|Any CPU
		{D2E33AE5-2BB8-4234-BCC7-FF464E037406}.Release|Any CPU.ActiveCfg = Release|Any CPU
		{D2E33AE5-2BB8-4234-BCC7-FF464E037406}.Release|Any CPU.Build.0 = Release|Any CPU
		{CCCBA977-2E9D-4C09-A718-CBDA576A0F0E}.Debug|Any CPU.ActiveCfg = Debug|Any CPU
		{CCCBA977-2E9D-4C09-A718-CBDA576A0F0E}.Debug|Any CPU.Build.0 = Debug|Any CPU
		{CCCBA977-2E9D-4C09-A718-CBDA576A0F0E}.Release|Any CPU.ActiveCfg = Release|Any CPU
		{CCCBA977-2E9D-4C09-A718-CBDA576A0F0E}.Release|Any CPU.Build.0 = Release|Any CPU
	EndGlobalSection
	GlobalSection(NestedProjects) = preSolution
		{D2E33AE5-2BB8-4234-BCC7-FF464E037406} = {A488234D-D719-4D72-AC0F-2EE88C253F6B}
		{CCCBA977-2E9D-4C09-A718-CBDA576A0F0E} = {A488234D-D719-4D72-AC0F-2EE88C253F6B}
	EndGlobalSection
EndGlobal
